
Microsoft Visual Studio Solution File, Format Version 12.00
Project("{2150E333-8FDC-42A3-9474-1A3956D46DE8}") = "src", "src", "{6A65AF8D-C3C4-4393-985C-57AF9A637142}"
EndProject
Project("{2150E333-8FDC-42A3-9474-1A3956D46DE8}") = "Services", "Services", "{68D3DE23-4D32-41D0-AD2F-489B5D6EEC23}"
EndProject
Project("{2150E333-8FDC-42A3-9474-1A3956D46DE8}") = "StudentService", "StudentService", "{46A70EB3-43F3-4782-BF40-091EE38304BF}"
EndProject
Project("{2150E333-8FDC-42A3-9474-1A3956D46DE8}") = "Domain", "Domain", "{08793328-346F-49DE-A951-023C27EE68A2}"
EndProject
Project("{FAE04EC0-301F-11D3-BF4B-00C04F79EFBC}") = "EduHub.StudentService.Domain", "src\Services\StudentService\Domain\EduHub.StudentService.Domain\EduHub.StudentService.Domain.csproj", "{4AA8E8AF-4373-4BC6-A21F-160B2B0552DA}"
EndProject
Project("{2150E333-8FDC-42A3-9474-1A3956D46DE8}") = "Tests", "Tests", "{8DABF615-50E7-4BB9-81C3-E18929846D3F}"
EndProject
Project("{FAE04EC0-301F-11D3-BF4B-00C04F79EFBC}") = "EduHub.StudentService.Tests.Unit", "src\Services\StudentService\Tests\EduHub.StudentService.Tests.Unit\EduHub.StudentService.Tests.Unit.csproj", "{308A734B-57A3-44B8-9762-645B163A54DE}"
EndProject
Project("{2150E333-8FDC-42A3-9474-1A3956D46DE8}") = "Application", "Application", "{F2D0D35D-0072-46C5-B745-EC193360C9F4}"
EndProject
Project("{FAE04EC0-301F-11D3-BF4B-00C04F79EFBC}") = "EduHub.StudentService.Application.Services", "src\Services\StudentService\Application\EduHub.StudentService.Application.Services\EduHub.StudentService.Application.Services.csproj", "{1C4D2369-95B4-469A-972A-8B91853D2A73}"
EndProject
Project("{2150E333-8FDC-42A3-9474-1A3956D46DE8}") = "Docker", "Docker", "{80EAEDF1-5EBE-47BA-A901-917601499B44}"
	ProjectSection(SolutionItems) = preProject
		docker-compose.yml = docker-compose.yml
	EndProjectSection
EndProject
Project("{2150E333-8FDC-42A3-9474-1A3956D46DE8}") = "Infrastructure", "Infrastructure", "{4714CAC3-3D22-463C-B066-D473835306AB}"
EndProject
Project("{FAE04EC0-301F-11D3-BF4B-00C04F79EFBC}") = "EduHub.StudentService.Infrastructure.Data", "src\Services\StudentService\Infrastructure\EduHub.StudentService.Infrastructure.Data\EduHub.StudentService.Infrastructure.Data.csproj", "{F42CDA68-5547-4E30-98D8-872ECE729F43}"
EndProject
Project("{FAE04EC0-301F-11D3-BF4B-00C04F79EFBC}") = "EduHub.StudentService.Infrastructure.Migrator", "src\Services\StudentService\Infrastructure\EduHub.StudentService.Infrastructure.Migrator\EduHub.StudentService.Infrastructure.Migrator.csproj", "{5C99DBAC-542F-4170-89D9-723F930846C8}"
EndProject
Project("{FAE04EC0-301F-11D3-BF4B-00C04F79EFBC}") = "EduHub.StudentService.Infrastructure.Repositories", "src\Services\StudentService\Infrastructure\EduHub.StudentService.Infrastructure.Repositories\EduHub.StudentService.Infrastructure.Repositories.csproj", "{B2576F8A-B5C3-42B9-AF66-4823D00731F5}"
EndProject
Project("{FAE04EC0-301F-11D3-BF4B-00C04F79EFBC}") = "EduHub.StudentService.Tests.Integrations", "src\Services\StudentService\Tests\EduHub.StudentService.Tests.Integrations\EduHub.StudentService.Tests.Integrations.csproj", "{FC746547-7D7D-4AF4-A1AB-72092D6935A6}"
EndProject
Project("{2150E333-8FDC-42A3-9474-1A3956D46DE8}") = "_Shared", "_Shared", "{1707C9E0-C55C-4538-A49B-AE4AFD85CF50}"
EndProject
Project("{FAE04EC0-301F-11D3-BF4B-00C04F79EFBC}") = "EduHub.StudentService.Shared.Config", "src\_Shared\EduHub.StudentService.Shared.Config\EduHub.StudentService.Shared.Config.csproj", "{C612E112-0B19-4DBB-B136-767BB58B4763}"
EndProject
Project("{FAE04EC0-301F-11D3-BF4B-00C04F79EFBC}") = "EduHub.StudentService.Tests.Shared", "src\Services\StudentService\Tests\EduHub.StudentService.Tests.Shared\EduHub.StudentService.Tests.Shared.csproj", "{D124F7FC-587A-44FA-A93E-6E75809C38E8}"
EndProject
Global
	GlobalSection(SolutionConfigurationPlatforms) = preSolution
		Debug|Any CPU = Debug|Any CPU
		Release|Any CPU = Release|Any CPU
	EndGlobalSection
	GlobalSection(NestedProjects) = preSolution
		{68D3DE23-4D32-41D0-AD2F-489B5D6EEC23} = {6A65AF8D-C3C4-4393-985C-57AF9A637142}
		{46A70EB3-43F3-4782-BF40-091EE38304BF} = {68D3DE23-4D32-41D0-AD2F-489B5D6EEC23}
		{08793328-346F-49DE-A951-023C27EE68A2} = {46A70EB3-43F3-4782-BF40-091EE38304BF}
		{4AA8E8AF-4373-4BC6-A21F-160B2B0552DA} = {08793328-346F-49DE-A951-023C27EE68A2}
		{8DABF615-50E7-4BB9-81C3-E18929846D3F} = {46A70EB3-43F3-4782-BF40-091EE38304BF}
		{308A734B-57A3-44B8-9762-645B163A54DE} = {8DABF615-50E7-4BB9-81C3-E18929846D3F}
		{F2D0D35D-0072-46C5-B745-EC193360C9F4} = {46A70EB3-43F3-4782-BF40-091EE38304BF}
		{1C4D2369-95B4-469A-972A-8B91853D2A73} = {F2D0D35D-0072-46C5-B745-EC193360C9F4}
		{4714CAC3-3D22-463C-B066-D473835306AB} = {46A70EB3-43F3-4782-BF40-091EE38304BF}
		{F42CDA68-5547-4E30-98D8-872ECE729F43} = {4714CAC3-3D22-463C-B066-D473835306AB}
		{5C99DBAC-542F-4170-89D9-723F930846C8} = {4714CAC3-3D22-463C-B066-D473835306AB}
		{B2576F8A-B5C3-42B9-AF66-4823D00731F5} = {4714CAC3-3D22-463C-B066-D473835306AB}
		{FC746547-7D7D-4AF4-A1AB-72092D6935A6} = {8DABF615-50E7-4BB9-81C3-E18929846D3F}
		{C612E112-0B19-4DBB-B136-767BB58B4763} = {1707C9E0-C55C-4538-A49B-AE4AFD85CF50}
		{D124F7FC-587A-44FA-A93E-6E75809C38E8} = {8DABF615-50E7-4BB9-81C3-E18929846D3F}
		{1707C9E0-C55C-4538-A49B-AE4AFD85CF50} = {68D3DE23-4D32-41D0-AD2F-489B5D6EEC23}
	EndGlobalSection
	GlobalSection(ProjectConfigurationPlatforms) = postSolution
		{4AA8E8AF-4373-4BC6-A21F-160B2B0552DA}.Debug|Any CPU.ActiveCfg = Debug|Any CPU
		{4AA8E8AF-4373-4BC6-A21F-160B2B0552DA}.Debug|Any CPU.Build.0 = Debug|Any CPU
		{4AA8E8AF-4373-4BC6-A21F-160B2B0552DA}.Release|Any CPU.ActiveCfg = Release|Any CPU
		{4AA8E8AF-4373-4BC6-A21F-160B2B0552DA}.Release|Any CPU.Build.0 = Release|Any CPU
		{308A734B-57A3-44B8-9762-645B163A54DE}.Debug|Any CPU.ActiveCfg = Debug|Any CPU
		{308A734B-57A3-44B8-9762-645B163A54DE}.Debug|Any CPU.Build.0 = Debug|Any CPU
		{308A734B-57A3-44B8-9762-645B163A54DE}.Release|Any CPU.ActiveCfg = Release|Any CPU
		{308A734B-57A3-44B8-9762-645B163A54DE}.Release|Any CPU.Build.0 = Release|Any CPU
		{1C4D2369-95B4-469A-972A-8B91853D2A73}.Debug|Any CPU.ActiveCfg = Debug|Any CPU
		{1C4D2369-95B4-469A-972A-8B91853D2A73}.Debug|Any CPU.Build.0 = Debug|Any CPU
		{1C4D2369-95B4-469A-972A-8B91853D2A73}.Release|Any CPU.ActiveCfg = Release|Any CPU
		{1C4D2369-95B4-469A-972A-8B91853D2A73}.Release|Any CPU.Build.0 = Release|Any CPU
		{F42CDA68-5547-4E30-98D8-872ECE729F43}.Debug|Any CPU.ActiveCfg = Debug|Any CPU
		{F42CDA68-5547-4E30-98D8-872ECE729F43}.Debug|Any CPU.Build.0 = Debug|Any CPU
		{F42CDA68-5547-4E30-98D8-872ECE729F43}.Release|Any CPU.ActiveCfg = Release|Any CPU
		{F42CDA68-5547-4E30-98D8-872ECE729F43}.Release|Any CPU.Build.0 = Release|Any CPU
		{5C99DBAC-542F-4170-89D9-723F930846C8}.Debug|Any CPU.ActiveCfg = Debug|Any CPU
		{5C99DBAC-542F-4170-89D9-723F930846C8}.Debug|Any CPU.Build.0 = Debug|Any CPU
		{5C99DBAC-542F-4170-89D9-723F930846C8}.Release|Any CPU.ActiveCfg = Release|Any CPU
		{5C99DBAC-542F-4170-89D9-723F930846C8}.Release|Any CPU.Build.0 = Release|Any CPU
		{B2576F8A-B5C3-42B9-AF66-4823D00731F5}.Debug|Any CPU.ActiveCfg = Debug|Any CPU
		{B2576F8A-B5C3-42B9-AF66-4823D00731F5}.Debug|Any CPU.Build.0 = Debug|Any CPU
		{B2576F8A-B5C3-42B9-AF66-4823D00731F5}.Release|Any CPU.ActiveCfg = Release|Any CPU
		{B2576F8A-B5C3-42B9-AF66-4823D00731F5}.Release|Any CPU.Build.0 = Release|Any CPU
		{FC746547-7D7D-4AF4-A1AB-72092D6935A6}.Debug|Any CPU.ActiveCfg = Debug|Any CPU
		{FC746547-7D7D-4AF4-A1AB-72092D6935A6}.Debug|Any CPU.Build.0 = Debug|Any CPU
		{FC746547-7D7D-4AF4-A1AB-72092D6935A6}.Release|Any CPU.ActiveCfg = Release|Any CPU
		{FC746547-7D7D-4AF4-A1AB-72092D6935A6}.Release|Any CPU.Build.0 = Release|Any CPU
		{C612E112-0B19-4DBB-B136-767BB58B4763}.Debug|Any CPU.ActiveCfg = Debug|Any CPU
		{C612E112-0B19-4DBB-B136-767BB58B4763}.Debug|Any CPU.Build.0 = Debug|Any CPU
		{C612E112-0B19-4DBB-B136-767BB58B4763}.Release|Any CPU.ActiveCfg = Release|Any CPU
		{C612E112-0B19-4DBB-B136-767BB58B4763}.Release|Any CPU.Build.0 = Release|Any CPU
		{D124F7FC-587A-44FA-A93E-6E75809C38E8}.Debug|Any CPU.ActiveCfg = Debug|Any CPU
		{D124F7FC-587A-44FA-A93E-6E75809C38E8}.Debug|Any CPU.Build.0 = Debug|Any CPU
		{D124F7FC-587A-44FA-A93E-6E75809C38E8}.Release|Any CPU.ActiveCfg = Release|Any CPU
		{D124F7FC-587A-44FA-A93E-6E75809C38E8}.Release|Any CPU.Build.0 = Release|Any CPU
	EndGlobalSection
EndGlobal
