
Microsoft Visual Studio Solution File, Format Version 12.00
Project("{2150E333-8FDC-42A3-9474-1A3956D46DE8}") = "src", "src", "{75BDC5D3-7DE6-4EB2-A7F3-EA9D93B7AA0C}"
EndProject
Project("{2150E333-8FDC-42A3-9474-1A3956D46DE8}") = "Services", "Services", "{B9E692F8-B8F7-4D91-9D53-480CCA3707D1}"
EndProject
Project("{2150E333-8FDC-42A3-9474-1A3956D46DE8}") = "StudentService ", "StudentService ", "{A6FE864D-2BE2-4B9B-9BD1-15EF7DC06BE1}"
EndProject
Project("{2150E333-8FDC-42A3-9474-1A3956D46DE8}") = "Tests", "Tests", "{0FFBE911-C735-418C-9EFD-9CF43142389A}"
EndProject
Project("{2150E333-8FDC-42A3-9474-1A3956D46DE8}") = "EduHub.StudentService.Domain", "EduHub.StudentService.Domain", "{7FDA6CD9-277D-49E2-98EE-F618FE3F708C}"
EndProject
Project("{FAE04EC0-301F-11D3-BF4B-00C04F79EFBC}") = "EduHub.StudentService.Domain", "src\Services\StudentService\Domain\EduHub.StudentService.Domain\EduHub.StudentService.Domain.csproj", "{F584EE41-C2B3-4B3E-AC45-906846A428FB}"
EndProject
Global
	GlobalSection(SolutionConfigurationPlatforms) = preSolution
		Debug|Any CPU = Debug|Any CPU
		Release|Any CPU = Release|Any CPU
	EndGlobalSection
	GlobalSection(NestedProjects) = preSolution
		{B9E692F8-B8F7-4D91-9D53-480CCA3707D1} = {75BDC5D3-7DE6-4EB2-A7F3-EA9D93B7AA0C}
		{A6FE864D-2BE2-4B9B-9BD1-15EF7DC06BE1} = {B9E692F8-B8F7-4D91-9D53-480CCA3707D1}
		{0FFBE911-C735-418C-9EFD-9CF43142389A} = {A6FE864D-2BE2-4B9B-9BD1-15EF7DC06BE1}
		{7FDA6CD9-277D-49E2-98EE-F618FE3F708C} = {A6FE864D-2BE2-4B9B-9BD1-15EF7DC06BE1}
		{F584EE41-C2B3-4B3E-AC45-906846A428FB} = {7FDA6CD9-277D-49E2-98EE-F618FE3F708C}
	EndGlobalSection
	GlobalSection(ProjectConfigurationPlatforms) = postSolution
		{F584EE41-C2B3-4B3E-AC45-906846A428FB}.Debug|Any CPU.ActiveCfg = Debug|Any CPU
		{F584EE41-C2B3-4B3E-AC45-906846A428FB}.Debug|Any CPU.Build.0 = Debug|Any CPU
		{F584EE41-C2B3-4B3E-AC45-906846A428FB}.Release|Any CPU.ActiveCfg = Release|Any CPU
		{F584EE41-C2B3-4B3E-AC45-906846A428FB}.Release|Any CPU.Build.0 = Release|Any CPU
	EndGlobalSection
EndGlobal
