
Microsoft Visual Studio Solution File, Format Version 12.00
Project("{2150E333-8FDC-42A3-9474-1A3956D46DE8}") = "src", "src", "{F7709EE2-CABE-4077-BDAB-E000B7ACDC9F}"
EndProject
Project("{2150E333-8FDC-42A3-9474-1A3956D46DE8}") = "Services", "Services", "{F02897BF-2571-4B2F-A774-1B9864217200}"
EndProject
Project("{2150E333-8FDC-42A3-9474-1A3956D46DE8}") = "StudentService", "StudentService", "{83433233-4349-4A2C-A2E0-CE4E660C96C8}"
EndProject
Project("{2150E333-8FDC-42A3-9474-1A3956D46DE8}") = "Domain", "Domain", "{F78EEF0F-677F-4803-9004-529116E6A842}"
EndProject
Project("{FAE04EC0-301F-11D3-BF4B-00C04F79EFBC}") = "EduHub.StudentService.Domain", "..\src\Services\StudentService\Domain\EduHub.StudentService.Domain\EduHub.StudentService.Domain.csproj", "{2D44BB90-6D11-40C7-B95F-A3B53F709F55}"
EndProject
Global
	GlobalSection(SolutionConfigurationPlatforms) = preSolution
		Debug|Any CPU = Debug|Any CPU
		Release|Any CPU = Release|Any CPU
	EndGlobalSection
	GlobalSection(NestedProjects) = preSolution
		{F02897BF-2571-4B2F-A774-1B9864217200} = {F7709EE2-CABE-4077-BDAB-E000B7ACDC9F}
		{83433233-4349-4A2C-A2E0-CE4E660C96C8} = {F02897BF-2571-4B2F-A774-1B9864217200}
		{F78EEF0F-677F-4803-9004-529116E6A842} = {83433233-4349-4A2C-A2E0-CE4E660C96C8}
		{2D44BB90-6D11-40C7-B95F-A3B53F709F55} = {F78EEF0F-677F-4803-9004-529116E6A842}
	EndGlobalSection
	GlobalSection(ProjectConfigurationPlatforms) = postSolution
		{2D44BB90-6D11-40C7-B95F-A3B53F709F55}.Debug|Any CPU.ActiveCfg = Debug|Any CPU
		{2D44BB90-6D11-40C7-B95F-A3B53F709F55}.Debug|Any CPU.Build.0 = Debug|Any CPU
		{2D44BB90-6D11-40C7-B95F-A3B53F709F55}.Release|Any CPU.ActiveCfg = Release|Any CPU
		{2D44BB90-6D11-40C7-B95F-A3B53F709F55}.Release|Any CPU.Build.0 = Release|Any CPU
	EndGlobalSection
EndGlobal
